
Microsoft Visual Studio Solution File, Format Version 12.00
# Visual Studio Version 17
VisualStudioVersion = 17.2.32505.173
MinimumVisualStudioVersion = 10.0.40219.1
Project("{FAE04EC0-301F-11D3-BF4B-00C04F79EFBC}") = "API", "API\API.csproj", "{8C58E895-D00A-4C6F-96FC-4577B1F875ED}"
EndProject
Global
	GlobalSection(SolutionConfigurationPlatforms) = preSolution
		Debug|Any CPU = Debug|Any CPU
		Release|Any CPU = Release|Any CPU
	EndGlobalSection
	GlobalSection(ProjectConfigurationPlatforms) = postSolution
		{8C58E895-D00A-4C6F-96FC-4577B1F875ED}.Debug|Any CPU.ActiveCfg = Debug|Any CPU
		{8C58E895-D00A-4C6F-96FC-4577B1F875ED}.Debug|Any CPU.Build.0 = Debug|Any CPU
		{8C58E895-D00A-4C6F-96FC-4577B1F875ED}.Release|Any CPU.ActiveCfg = Release|Any CPU
		{8C58E895-D00A-4C6F-96FC-4577B1F875ED}.Release|Any CPU.Build.0 = Release|Any CPU
	EndGlobalSection
	GlobalSection(SolutionProperties) = preSolution
		HideSolutionNode = FALSE
	EndGlobalSection
	GlobalSection(ExtensibilityGlobals) = postSolution
		SolutionGuid = {C8B67690-81DA-403F-9EE7-43633C8C8992}
	EndGlobalSection
EndGlobal
